
Microsoft Visual Studio Solution File, Format Version 12.00
# Visual Studio 14
VisualStudioVersion = 14.0.25420.1
MinimumVisualStudioVersion = 10.0.40219.1
Project("{FAE04EC0-301F-11D3-BF4B-00C04F79EFBC}") = "Tools_XNA", "Tools_XNA_dotNET_Framework\Tools_XNA_dotNET_Framework\Tools_XNA.csproj", "{268B980E-2C5D-4F8F-A578-18FFDF6FB1BE}"
EndProject
Project("{FAE04EC0-301F-11D3-BF4B-00C04F79EFBC}") = "GameJam2020_2D", "GameJam2020_2D\GameJam2020_2D\GameJam2020_2D.csproj", "{DC8BA5E5-6753-4837-A12C-8AAD1302B4EF}"
EndProject
Project("{96E2B04D-8817-42C6-938A-82C39BA4D311}") = "GameJam2020_2DContent", "GameJam2020_2D\GameJam2020_2DContent\GameJam2020_2DContent.contentproj", "{A42183F5-DBDD-4015-A1C7-BB13170FB0B9}"
EndProject
Project("{FAE04EC0-301F-11D3-BF4B-00C04F79EFBC}") = "GameJam2020_3D", "GameJam2020_3D\GameJam2020_3D\GameJam2020_3D.csproj", "{40FE0757-263D-4D6F-A084-3F82A2B4703E}"
EndProject
Project("{96E2B04D-8817-42C6-938A-82C39BA4D311}") = "GameJam2020_3DContent", "GameJam2020_3D\GameJam2020_3DContent\GameJam2020_3DContent.contentproj", "{14B2CCB9-DA10-4886-A5C1-4F667DC281FE}"
EndProject
Global
	GlobalSection(SolutionConfigurationPlatforms) = preSolution
		Debug|Any CPU = Debug|Any CPU
		Debug|x86 = Debug|x86
		Release|Any CPU = Release|Any CPU
		Release|x86 = Release|x86
	EndGlobalSection
	GlobalSection(ProjectConfigurationPlatforms) = postSolution
		{268B980E-2C5D-4F8F-A578-18FFDF6FB1BE}.Debug|Any CPU.ActiveCfg = Debug|Any CPU
		{268B980E-2C5D-4F8F-A578-18FFDF6FB1BE}.Debug|Any CPU.Build.0 = Debug|Any CPU
		{268B980E-2C5D-4F8F-A578-18FFDF6FB1BE}.Debug|x86.ActiveCfg = Debug|Any CPU
		{268B980E-2C5D-4F8F-A578-18FFDF6FB1BE}.Debug|x86.Build.0 = Debug|Any CPU
		{268B980E-2C5D-4F8F-A578-18FFDF6FB1BE}.Release|Any CPU.ActiveCfg = Release|Any CPU
		{268B980E-2C5D-4F8F-A578-18FFDF6FB1BE}.Release|Any CPU.Build.0 = Release|Any CPU
		{268B980E-2C5D-4F8F-A578-18FFDF6FB1BE}.Release|x86.ActiveCfg = Debug|Any CPU
		{268B980E-2C5D-4F8F-A578-18FFDF6FB1BE}.Release|x86.Build.0 = Debug|Any CPU
		{DC8BA5E5-6753-4837-A12C-8AAD1302B4EF}.Debug|Any CPU.ActiveCfg = Debug|x86
		{DC8BA5E5-6753-4837-A12C-8AAD1302B4EF}.Debug|x86.ActiveCfg = Debug|x86
		{DC8BA5E5-6753-4837-A12C-8AAD1302B4EF}.Debug|x86.Build.0 = Debug|x86
		{DC8BA5E5-6753-4837-A12C-8AAD1302B4EF}.Release|Any CPU.ActiveCfg = Release|x86
		{DC8BA5E5-6753-4837-A12C-8AAD1302B4EF}.Release|x86.ActiveCfg = Release|x86
		{DC8BA5E5-6753-4837-A12C-8AAD1302B4EF}.Release|x86.Build.0 = Release|x86
		{A42183F5-DBDD-4015-A1C7-BB13170FB0B9}.Debug|Any CPU.ActiveCfg = Debug|x86
		{A42183F5-DBDD-4015-A1C7-BB13170FB0B9}.Debug|x86.ActiveCfg = Debug|x86
		{A42183F5-DBDD-4015-A1C7-BB13170FB0B9}.Release|Any CPU.ActiveCfg = Release|x86
		{A42183F5-DBDD-4015-A1C7-BB13170FB0B9}.Release|x86.ActiveCfg = Release|x86
		{40FE0757-263D-4D6F-A084-3F82A2B4703E}.Debug|Any CPU.ActiveCfg = Debug|x86
		{40FE0757-263D-4D6F-A084-3F82A2B4703E}.Debug|x86.ActiveCfg = Debug|x86
		{40FE0757-263D-4D6F-A084-3F82A2B4703E}.Debug|x86.Build.0 = Debug|x86
		{40FE0757-263D-4D6F-A084-3F82A2B4703E}.Release|Any CPU.ActiveCfg = Release|x86
		{40FE0757-263D-4D6F-A084-3F82A2B4703E}.Release|x86.ActiveCfg = Release|x86
		{40FE0757-263D-4D6F-A084-3F82A2B4703E}.Release|x86.Build.0 = Release|x86
		{14B2CCB9-DA10-4886-A5C1-4F667DC281FE}.Debug|Any CPU.ActiveCfg = Debug|x86
		{14B2CCB9-DA10-4886-A5C1-4F667DC281FE}.Debug|x86.ActiveCfg = Debug|x86
		{14B2CCB9-DA10-4886-A5C1-4F667DC281FE}.Release|Any CPU.ActiveCfg = Release|x86
		{14B2CCB9-DA10-4886-A5C1-4F667DC281FE}.Release|x86.ActiveCfg = Release|x86
	EndGlobalSection
	GlobalSection(SolutionProperties) = preSolution
		HideSolutionNode = FALSE
	EndGlobalSection
EndGlobal
