
Microsoft Visual Studio Solution File, Format Version 12.00
# Visual Studio Version 16
VisualStudioVersion = 16.0.29403.142
MinimumVisualStudioVersion = 10.0.40219.1
Project("{FAE04EC0-301F-11D3-BF4B-00C04F79EFBC}") = "Tools_XNA_dotNET_Framework", "Tools_XNA_dotNET_Framework\Tools_XNA_dotNET_Framework.csproj", "{268B980E-2C5D-4F8F-A578-18FFDF6FB1BE}"
EndProject
Global
	GlobalSection(SolutionConfigurationPlatforms) = preSolution
		Debug|Any CPU = Debug|Any CPU
		Release|Any CPU = Release|Any CPU
	EndGlobalSection
	GlobalSection(ProjectConfigurationPlatforms) = postSolution
		{268B980E-2C5D-4F8F-A578-18FFDF6FB1BE}.Debug|Any CPU.ActiveCfg = Debug|Any CPU
		{268B980E-2C5D-4F8F-A578-18FFDF6FB1BE}.Debug|Any CPU.Build.0 = Debug|Any CPU
		{268B980E-2C5D-4F8F-A578-18FFDF6FB1BE}.Release|Any CPU.ActiveCfg = Release|Any CPU
		{268B980E-2C5D-4F8F-A578-18FFDF6FB1BE}.Release|Any CPU.Build.0 = Release|Any CPU
	EndGlobalSection
	GlobalSection(SolutionProperties) = preSolution
		HideSolutionNode = FALSE
	EndGlobalSection
	GlobalSection(ExtensibilityGlobals) = postSolution
		SolutionGuid = {8E156597-7FB7-4EFE-A8BA-7513B657712B}
	EndGlobalSection
EndGlobal
